
Microsoft Visual Studio Solution File, Format Version 11.00
# Visual Studio 2010
Project("{E24C65DC-7377-472B-9ABA-BC803B73C61A}") = "mrep", ".", "{3CCFBDAA-FE41-4A4E-A25E-029C536FABB8}"
	ProjectSection(WebsiteProperties) = preProject
		TargetFrameworkMoniker = ".NETFramework,Version%3Dv4.0"
		Debug.AspNetCompiler.VirtualPath = "/mrep"
		Debug.AspNetCompiler.PhysicalPath = "..\mrep\"
		Debug.AspNetCompiler.TargetPath = "PrecompiledWeb\mrep\"
		Debug.AspNetCompiler.Updateable = "true"
		Debug.AspNetCompiler.ForceOverwrite = "true"
		Debug.AspNetCompiler.FixedNames = "false"
		Debug.AspNetCompiler.Debug = "True"
		Release.AspNetCompiler.VirtualPath = "/mrep"
		Release.AspNetCompiler.PhysicalPath = "..\mrep\"
		Release.AspNetCompiler.TargetPath = "PrecompiledWeb\mrep\"
		Release.AspNetCompiler.Updateable = "true"
		Release.AspNetCompiler.ForceOverwrite = "true"
		Release.AspNetCompiler.FixedNames = "false"
		Release.AspNetCompiler.Debug = "False"
		VWDPort = "10710"
	EndProjectSection
EndProject
Global
	GlobalSection(SolutionConfigurationPlatforms) = preSolution
		Debug|Any CPU = Debug|Any CPU
	EndGlobalSection
	GlobalSection(ProjectConfigurationPlatforms) = postSolution
		{3CCFBDAA-FE41-4A4E-A25E-029C536FABB8}.Debug|Any CPU.ActiveCfg = Debug|Any CPU
		{3CCFBDAA-FE41-4A4E-A25E-029C536FABB8}.Debug|Any CPU.Build.0 = Debug|Any CPU
	EndGlobalSection
	GlobalSection(SolutionProperties) = preSolution
		HideSolutionNode = FALSE
	EndGlobalSection
EndGlobal
